- id: '1605723753161'
  alias: Alarm Clock
  description: 'Handles the morning alarm'
  trigger:
    - platform: time
      at: input_datetime.alarm
      id: alarm_time_reached
    - platform: event
      event_type: CUSTOM_ALARM_CLOCK_EVENT
      id: alarm_clock_event
  condition: []
  action:
  - choose:
    - conditions:
        condition: trigger
        id: alarm_time_reached
      sequence:
        - service: script.turn_on
          target:
            entity_id: script.start_alarm_clock
    - conditions:
        condition: trigger
        id: alarm_clock_event
      sequence:
        - service: script.turn_off
          target:
            entity_id: script.start_alarm_clock